// !$*UTF8*$!
{
	archiveVersion = 1;
	classes = {
	};
	objectVersion = 50;
	objects = {

/* Begin PBXBuildFile section */
		57B08BD1263B5B9C00E6D650 /* VacationApp.swift in Sources */ = {isa = PBXBuildFile; fileRef = 57B08BD0263B5B9C00E6D650 /* VacationApp.swift */; };
		57B08BD5263B5B9F00E6D650 /* Assets.xcassets in Resources */ = {isa = PBXBuildFile; fileRef = 57B08BD4263B5B9F00E6D650 /* Assets.xcassets */; };
		57B08BD8263B5B9F00E6D650 /* Preview Assets.xcassets in Resources */ = {isa = PBXBuildFile; fileRef = 57B08BD7263B5B9F00E6D650 /* Preview Assets.xcassets */; };
		57B08BE0263B5C3D00E6D650 /* MainTabBarView.swift in Sources */ = {isa = PBXBuildFile; fileRef = 57B08BDF263B5C3D00E6D650 /* MainTabBarView.swift */; };
		57B08BE2263B5D4300E6D650 /* PeopleView.swift in Sources */ = {isa = PBXBuildFile; fileRef = 57B08BE1263B5D4300E6D650 /* PeopleView.swift */; };
		57B08BE6263C2C6C00E6D650 /* People.swift in Sources */ = {isa = PBXBuildFile; fileRef = 57B08BE5263C2C6C00E6D650 /* People.swift */; };
		57B08BEB263C2EE200E6D650 /* PersonViewModel.swift in Sources */ = {isa = PBXBuildFile; fileRef = 57B08BEA263C2EE200E6D650 /* PersonViewModel.swift */; };
		57B08BED263C2EF300E6D650 /* PeopleViewModel.swift in Sources */ = {isa = PBXBuildFile; fileRef = 57B08BEC263C2EF300E6D650 /* PeopleViewModel.swift */; };
		57B08BF2263C305800E6D650 /* APIService.swift in Sources */ = {isa = PBXBuildFile; fileRef = 57B08BF1263C305800E6D650 /* APIService.swift */; };
		57B08BF5263C3E8D00E6D650 /* PeopleListRowView.swift in Sources */ = {isa = PBXBuildFile; fileRef = 57B08BF4263C3E8D00E6D650 /* PeopleListRowView.swift */; };
/* End PBXBuildFile section */

/* Begin PBXFileReference section */
		57B08BCD263B5B9C00E6D650 /* Vacation.app */ = {isa = PBXFileReference; explicitFileType = wrapper.application; includeInIndex = 0; path = Vacation.app; sourceTree = BUILT_PRODUCTS_DIR; };
		57B08BD0263B5B9C00E6D650 /* VacationApp.swift */ = {isa = PBXFileReference; lastKnownFileType = sourcecode.swift; path = VacationApp.swift; sourceTree = "<group>"; };
		57B08BD4263B5B9F00E6D650 /* Assets.xcassets */ = {isa = PBXFileReference; lastKnownFileType = folder.assetcatalog; path = Assets.xcassets; sourceTree = "<group>"; };
		57B08BD7263B5B9F00E6D650 /* Preview Assets.xcassets */ = {isa = PBXFileReference; lastKnownFileType = folder.assetcatalog; path = "Preview Assets.xcassets"; sourceTree = "<group>"; };
		57B08BD9263B5B9F00E6D650 /* Info.plist */ = {isa = PBXFileReference; lastKnownFileType = text.plist.xml; path = Info.plist; sourceTree = "<group>"; };
		57B08BDF263B5C3D00E6D650 /* MainTabBarView.swift */ = {isa = PBXFileReference; lastKnownFileType = sourcecode.swift; path = MainTabBarView.swift; sourceTree = "<group>"; };
		57B08BE1263B5D4300E6D650 /* PeopleView.swift */ = {isa = PBXFileReference; lastKnownFileType = sourcecode.swift; path = PeopleView.swift; sourceTree = "<group>"; };
		57B08BE5263C2C6C00E6D650 /* People.swift */ = {isa = PBXFileReference; lastKnownFileType = sourcecode.swift; path = People.swift; sourceTree = "<group>"; };
		57B08BEA263C2EE200E6D650 /* PersonViewModel.swift */ = {isa = PBXFileReference; lastKnownFileType = sourcecode.swift; path = PersonViewModel.swift; sourceTree = "<group>"; };
		57B08BEC263C2EF300E6D650 /* PeopleViewModel.swift */ = {isa = PBXFileReference; lastKnownFileType = sourcecode.swift; path = PeopleViewModel.swift; sourceTree = "<group>"; };
		57B08BF1263C305800E6D650 /* APIService.swift */ = {isa = PBXFileReference; fileEncoding = 4; lastKnownFileType = sourcecode.swift; path = APIService.swift; sourceTree = "<group>"; };
		57B08BF4263C3E8D00E6D650 /* PeopleListRowView.swift */ = {isa = PBXFileReference; lastKnownFileType = sourcecode.swift; path = PeopleListRowView.swift; sourceTree = "<group>"; };
/* End PBXFileReference section */

/* Begin PBXFrameworksBuildPhase section */
		57B08BCA263B5B9C00E6D650 /* Frameworks */ = {
			isa = PBXFrameworksBuildPhase;
			buildActionMask = 2147483647;
			files = (
			);
			runOnlyForDeploymentPostprocessing = 0;
		};
/* End PBXFrameworksBuildPhase section */

/* Begin PBXGroup section */
		57B08BC4263B5B9C00E6D650 = {
			isa = PBXGroup;
			children = (
				57B08BCF263B5B9C00E6D650 /* Vacation */,
				57B08BCE263B5B9C00E6D650 /* Products */,
			);
			sourceTree = "<group>";
		};
		57B08BCE263B5B9C00E6D650 /* Products */ = {
			isa = PBXGroup;
			children = (
				57B08BCD263B5B9C00E6D650 /* Vacation.app */,
			);
			name = Products;
			sourceTree = "<group>";
		};
		57B08BCF263B5B9C00E6D650 /* Vacation */ = {
			isa = PBXGroup;
			children = (
				57B08BF0263C304700E6D650 /* Network */,
				57B08BE9263C2ECF00E6D650 /* ViewModel */,
				57B08BE4263C2C5600E6D650 /* Models */,
				57B08BE3263B5D5000E6D650 /* Views */,
				57B08BD0263B5B9C00E6D650 /* VacationApp.swift */,
				57B08BD4263B5B9F00E6D650 /* Assets.xcassets */,
				57B08BD9263B5B9F00E6D650 /* Info.plist */,
				57B08BD6263B5B9F00E6D650 /* Preview Content */,
			);
			path = Vacation;
			sourceTree = "<group>";
		};
		57B08BD6263B5B9F00E6D650 /* Preview Content */ = {
			isa = PBXGroup;
			children = (
				57B08BD7263B5B9F00E6D650 /* Preview Assets.xcassets */,
			);
			path = "Preview Content";
			sourceTree = "<group>";
		};
		57B08BE3263B5D5000E6D650 /* Views */ = {
			isa = PBXGroup;
			children = (
				57B08BF3263C3D5D00E6D650 /* People Tab */,
				57B08BDF263B5C3D00E6D650 /* MainTabBarView.swift */,
			);
			path = Views;
			sourceTree = "<group>";
		};
		57B08BE4263C2C5600E6D650 /* Models */ = {
			isa = PBXGroup;
			children = (
				57B08BE5263C2C6C00E6D650 /* People.swift */,
			);
			path = Models;
			sourceTree = "<group>";
		};
		57B08BE9263C2ECF00E6D650 /* ViewModel */ = {
			isa = PBXGroup;
			children = (
				57B08BEA263C2EE200E6D650 /* PersonViewModel.swift */,
				57B08BEC263C2EF300E6D650 /* PeopleViewModel.swift */,
			);
			path = ViewModel;
			sourceTree = "<group>";
		};
		57B08BF0263C304700E6D650 /* Network */ = {
			isa = PBXGroup;
			children = (
				57B08BF1263C305800E6D650 /* APIService.swift */,
			);
			path = Network;
			sourceTree = "<group>";
		};
		57B08BF3263C3D5D00E6D650 /* People Tab */ = {
			isa = PBXGroup;
			children = (
				57B08BE1263B5D4300E6D650 /* PeopleView.swift */,
				57B08BF4263C3E8D00E6D650 /* PeopleListRowView.swift */,
			);
			path = "People Tab";
			sourceTree = "<group>";
		};
/* End PBXGroup section */

/* Begin PBXNativeTarget section */
		57B08BCC263B5B9C00E6D650 /* Vacation */ = {
			isa = PBXNativeTarget;
			buildConfigurationList = 57B08BDC263B5B9F00E6D650 /* Build configuration list for PBXNativeTarget "Vacation" */;
			buildPhases = (
				57B08BC9263B5B9C00E6D650 /* Sources */,
				57B08BCA263B5B9C00E6D650 /* Frameworks */,
				57B08BCB263B5B9C00E6D650 /* Resources */,
			);
			buildRules = (
			);
			dependencies = (
			);
			name = Vacation;
			productName = Vacation;
			productReference = 57B08BCD263B5B9C00E6D650 /* Vacation.app */;
			productType = "com.apple.product-type.application";
		};
/* End PBXNativeTarget section */

/* Begin PBXProject section */
		57B08BC5263B5B9C00E6D650 /* Project object */ = {
			isa = PBXProject;
			attributes = {
				LastSwiftUpdateCheck = 1250;
				LastUpgradeCheck = 1250;
				TargetAttributes = {
					57B08BCC263B5B9C00E6D650 = {
						CreatedOnToolsVersion = 12.5;
					};
				};
			};
			buildConfigurationList = 57B08BC8263B5B9C00E6D650 /* Build configuration list for PBXProject "Vacation" */;
			compatibilityVersion = "Xcode 9.3";
			developmentRegion = en;
			hasScannedForEncodings = 0;
			knownRegions = (
				en,
				Base,
			);
			mainGroup = 57B08BC4263B5B9C00E6D650;
			productRefGroup = 57B08BCE263B5B9C00E6D650 /* Products */;
			projectDirPath = "";
			projectRoot = "";
			targets = (
				57B08BCC263B5B9C00E6D650 /* Vacation */,
			);
		};
/* End PBXProject section */

/* Begin PBXResourcesBuildPhase section */
		57B08BCB263B5B9C00E6D650 /* Resources */ = {
			isa = PBXResourcesBuildPhase;
			buildActionMask = 2147483647;
			files = (
				57B08BD8263B5B9F00E6D650 /* Preview Assets.xcassets in Resources */,
				57B08BD5263B5B9F00E6D650 /* Assets.xcassets in Resources */,
			);
			runOnlyForDeploymentPostprocessing = 0;
		};
/* End PBXResourcesBuildPhase section */

/* Begin PBXSourcesBuildPhase section */
		57B08BC9263B5B9C00E6D650 /* Sources */ = {
			isa = PBXSourcesBuildPhase;
			buildActionMask = 2147483647;
			files = (
				57B08BE6263C2C6C00E6D650 /* People.swift in Sources */,
				57B08BF2263C305800E6D650 /* APIService.swift in Sources */,
				57B08BED263C2EF300E6D650 /* PeopleViewModel.swift in Sources */,
				57B08BEB263C2EE200E6D650 /* PersonViewModel.swift in Sources */,
				57B08BE0263B5C3D00E6D650 /* MainTabBarView.swift in Sources */,
				57B08BD1263B5B9C00E6D650 /* VacationApp.swift in Sources */,
				57B08BF5263C3E8D00E6D650 /* PeopleListRowView.swift in Sources */,
				57B08BE2263B5D4300E6D650 /* PeopleView.swift in Sources */,
			);
			runOnlyForDeploymentPostprocessing = 0;
		};
/* End PBXSourcesBuildPhase section */

/* Begin XCBuildConfiguration section */
		57B08BDA263B5B9F00E6D650 /* Debug */ = {
			isa = XCBuildConfiguration;
			buildSettings = {
				ALWAYS_SEARCH_USER_PATHS = NO;
				CLANG_ANALYZER_NONNULL = YES;
				CLANG_ANALYZER_NUMBER_OBJECT_CONVERSION = YES_AGGRESSIVE;
				CLANG_CXX_LANGUAGE_STANDARD = "gnu++14";
				CLANG_CXX_LIBRARY = "libc++";
				CLANG_ENABLE_MODULES = YES;
				CLANG_ENABLE_OBJC_ARC = YES;
				CLANG_ENABLE_OBJC_WEAK = YES;
				CLANG_WARN_BLOCK_CAPTURE_AUTORELEASING = YES;
				CLANG_WARN_BOOL_CONVERSION = YES;
				CLANG_WARN_COMMA = YES;
				CLANG_WARN_CONSTANT_CONVERSION = YES;
				CLANG_WARN_DEPRECATED_OBJC_IMPLEMENTATIONS = YES;
				CLANG_WARN_DIRECT_OBJC_ISA_USAGE = YES_ERROR;
				CLANG_WARN_DOCUMENTATION_COMMENTS = YES;
				CLANG_WARN_EMPTY_BODY = YES;
				CLANG_WARN_ENUM_CONVERSION = YES;
				CLANG_WARN_INFINITE_RECURSION = YES;
				CLANG_WARN_INT_CONVERSION = YES;
				CLANG_WARN_NON_LITERAL_NULL_CONVERSION = YES;
				CLANG_WARN_OBJC_IMPLICIT_RETAIN_SELF = YES;
				CLANG_WARN_OBJC_LITERAL_CONVERSION = YES;
				CLANG_WARN_OBJC_ROOT_CLASS = YES_ERROR;
				CLANG_WARN_QUOTED_INCLUDE_IN_FRAMEWORK_HEADER = YES;
				CLANG_WARN_RANGE_LOOP_ANALYSIS = YES;
				CLANG_WARN_STRICT_PROTOTYPES = YES;
				CLANG_WARN_SUSPICIOUS_MOVE = YES;
				CLANG_WARN_UNGUARDED_AVAILABILITY = YES_AGGRESSIVE;
				CLANG_WARN_UNREACHABLE_CODE = YES;
				CLANG_WARN__DUPLICATE_METHOD_MATCH = YES;
				COPY_PHASE_STRIP = NO;
				DEBUG_INFORMATION_FORMAT = dwarf;
				ENABLE_STRICT_OBJC_MSGSEND = YES;
				ENABLE_TESTABILITY = YES;
				GCC_C_LANGUAGE_STANDARD = gnu11;
				GCC_DYNAMIC_NO_PIC = NO;
				GCC_NO_COMMON_BLOCKS = YES;
				GCC_OPTIMIZATION_LEVEL = 0;
				GCC_PREPROCESSOR_DEFINITIONS = (
					"DEBUG=1",
					"$(inherited)",
				);
				GCC_WARN_64_TO_32_BIT_CONVERSION = YES;
				GCC_WARN_ABOUT_RETURN_TYPE = YES_ERROR;
				GCC_WARN_UNDECLARED_SELECTOR = YES;
				GCC_WARN_UNINITIALIZED_AUTOS = YES_AGGRESSIVE;
				GCC_WARN_UNUSED_FUNCTION = YES;
				GCC_WARN_UNUSED_VARIABLE = YES;
				IPHONEOS_DEPLOYMENT_TARGET = 14.5;
				MTL_ENABLE_DEBUG_INFO = INCLUDE_SOURCE;
				MTL_FAST_MATH = YES;
				ONLY_ACTIVE_ARCH = YES;
				SDKROOT = iphoneos;
				SWIFT_ACTIVE_COMPILATION_CONDITIONS = DEBUG;
				SWIFT_OPTIMIZATION_LEVEL = "-Onone";
			};
			name = Debug;
		};
		57B08BDB263B5B9F00E6D650 /* Release */ = {
			isa = XCBuildConfiguration;
			buildSettings = {
				ALWAYS_SEARCH_USER_PATHS = NO;
				CLANG_ANALYZER_NONNULL = YES;
				CLANG_ANALYZER_NUMBER_OBJECT_CONVERSION = YES_AGGRESSIVE;
				CLANG_CXX_LANGUAGE_STANDARD = "gnu++14";
				CLANG_CXX_LIBRARY = "libc++";
				CLANG_ENABLE_MODULES = YES;
				CLANG_ENABLE_OBJC_ARC = YES;
				CLANG_ENABLE_OBJC_WEAK = YES;
				CLANG_WARN_BLOCK_CAPTURE_AUTORELEASING = YES;
				CLANG_WARN_BOOL_CONVERSION = YES;
				CLANG_WARN_COMMA = YES;
				CLANG_WARN_CONSTANT_CONVERSION = YES;
				CLANG_WARN_DEPRECATED_OBJC_IMPLEMENTATIONS = YES;
				CLANG_WARN_DIRECT_OBJC_ISA_USAGE = YES_ERROR;
				CLANG_WARN_DOCUMENTATION_COMMENTS = YES;
				CLANG_WARN_EMPTY_BODY = YES;
				CLANG_WARN_ENUM_CONVERSION = YES;
				CLANG_WARN_INFINITE_RECURSION = YES;
				CLANG_WARN_INT_CONVERSION = YES;
				CLANG_WARN_NON_LITERAL_NULL_CONVERSION = YES;
				CLANG_WARN_OBJC_IMPLICIT_RETAIN_SELF = YES;
				CLANG_WARN_OBJC_LITERAL_CONVERSION = YES;
				CLANG_WARN_OBJC_ROOT_CLASS = YES_ERROR;
				CLANG_WARN_QUOTED_INCLUDE_IN_FRAMEWORK_HEADER = YES;
				CLANG_WARN_RANGE_LOOP_ANALYSIS = YES;
				CLANG_WARN_STRICT_PROTOTYPES = YES;
				CLANG_WARN_SUSPICIOUS_MOVE = YES;
				CLANG_WARN_UNGUARDED_AVAILABILITY = YES_AGGRESSIVE;
				CLANG_WARN_UNREACHABLE_CODE = YES;
				CLANG_WARN__DUPLICATE_METHOD_MATCH = YES;
				COPY_PHASE_STRIP = NO;
				DEBUG_INFORMATION_FORMAT = "dwarf-with-dsym";
				ENABLE_NS_ASSERTIONS = NO;
				ENABLE_STRICT_OBJC_MSGSEND = YES;
				GCC_C_LANGUAGE_STANDARD = gnu11;
				GCC_NO_COMMON_BLOCKS = YES;
				GCC_WARN_64_TO_32_BIT_CONVERSION = YES;
				GCC_WARN_ABOUT_RETURN_TYPE = YES_ERROR;
				GCC_WARN_UNDECLARED_SELECTOR = YES;
				GCC_WARN_UNINITIALIZED_AUTOS = YES_AGGRESSIVE;
				GCC_WARN_UNUSED_FUNCTION = YES;
				GCC_WARN_UNUSED_VARIABLE = YES;
				IPHONEOS_DEPLOYMENT_TARGET = 14.5;
				MTL_ENABLE_DEBUG_INFO = NO;
				MTL_FAST_MATH = YES;
				SDKROOT = iphoneos;
				SWIFT_COMPILATION_MODE = wholemodule;
				SWIFT_OPTIMIZATION_LEVEL = "-O";
				VALIDATE_PRODUCT = YES;
			};
			name = Release;
		};
		57B08BDD263B5B9F00E6D650 /* Debug */ = {
			isa = XCBuildConfiguration;
			buildSettings = {
				ASSETCATALOG_COMPILER_APPICON_NAME = AppIcon;
				ASSETCATALOG_COMPILER_GLOBAL_ACCENT_COLOR_NAME = AccentColor;
				CODE_SIGN_STYLE = Automatic;
				DEVELOPMENT_ASSET_PATHS = "\"Vacation/Preview Content\"";
				DEVELOPMENT_TEAM = 358WHQF94W;
				ENABLE_PREVIEWS = YES;
				INFOPLIST_FILE = Vacation/Info.plist;
				IPHONEOS_DEPLOYMENT_TARGET = 14.0;
				LD_RUNPATH_SEARCH_PATHS = (
					"$(inherited)",
					"@executable_path/Frameworks",
				);
				PRODUCT_BUNDLE_IDENTIFIER = hu.purzelbaum.Vacation;
				PRODUCT_NAME = "$(TARGET_NAME)";
				SWIFT_VERSION = 5.0;
				TARGETED_DEVICE_FAMILY = "1,2";
			};
			name = Debug;
		};
		57B08BDE263B5B9F00E6D650 /* Release */ = {
			isa = XCBuildConfiguration;
			buildSettings = {
				ASSETCATALOG_COMPILER_APPICON_NAME = AppIcon;
				ASSETCATALOG_COMPILER_GLOBAL_ACCENT_COLOR_NAME = AccentColor;
				CODE_SIGN_STYLE = Automatic;
				DEVELOPMENT_ASSET_PATHS = "\"Vacation/Preview Content\"";
				DEVELOPMENT_TEAM = 358WHQF94W;
				ENABLE_PREVIEWS = YES;
				INFOPLIST_FILE = Vacation/Info.plist;
				IPHONEOS_DEPLOYMENT_TARGET = 14.0;
				LD_RUNPATH_SEARCH_PATHS = (
					"$(inherited)",
					"@executable_path/Frameworks",
				);
				PRODUCT_BUNDLE_IDENTIFIER = hu.purzelbaum.Vacation;
				PRODUCT_NAME = "$(TARGET_NAME)";
				SWIFT_VERSION = 5.0;
				TARGETED_DEVICE_FAMILY = "1,2";
			};
			name = Release;
		};
/* End XCBuildConfiguration section */

/* Begin XCConfigurationList section */
		57B08BC8263B5B9C00E6D650 /* Build configuration list for PBXProject "Vacation" */ = {
			isa = XCConfigurationList;
			buildConfigurations = (
				57B08BDA263B5B9F00E6D650 /* Debug */,
				57B08BDB263B5B9F00E6D650 /* Release */,
			);
			defaultConfigurationIsVisible = 0;
			defaultConfigurationName = Release;
		};
		57B08BDC263B5B9F00E6D650 /* Build configuration list for PBXNativeTarget "Vacation" */ = {
			isa = XCConfigurationList;
			buildConfigurations = (
				57B08BDD263B5B9F00E6D650 /* Debug */,
				57B08BDE263B5B9F00E6D650 /* Release */,
			);
			defaultConfigurationIsVisible = 0;
			defaultConfigurationName = Release;
		};
/* End XCConfigurationList section */
	};
	rootObject = 57B08BC5263B5B9C00E6D650 /* Project object */;
}
